
Microsoft Visual Studio Solution File, Format Version 12.00
# Visual Studio Version 17
VisualStudioVersion = 17.13.35806.99 d17.13
MinimumVisualStudioVersion = 10.0.40219.1
Project("{FAE04EC0-301F-11D3-BF4B-00C04F79EFBC}") = "code_MVC", "code_MVC\code_MVC.csproj", "{13087CD1-60EB-4B64-8FC4-F29411FC36E1}"
EndProject
Global
	GlobalSection(SolutionConfigurationPlatforms) = preSolution
		Debug|Any CPU = Debug|Any CPU
		Release|Any CPU = Release|Any CPU
	EndGlobalSection
	GlobalSection(ProjectConfigurationPlatforms) = postSolution
		{13087CD1-60EB-4B64-8FC4-F29411FC36E1}.Debug|Any CPU.ActiveCfg = Debug|Any CPU
		{13087CD1-60EB-4B64-8FC4-F29411FC36E1}.Debug|Any CPU.Build.0 = Debug|Any CPU
		{13087CD1-60EB-4B64-8FC4-F29411FC36E1}.Release|Any CPU.ActiveCfg = Release|Any CPU
		{13087CD1-60EB-4B64-8FC4-F29411FC36E1}.Release|Any CPU.Build.0 = Release|Any CPU
	EndGlobalSection
	GlobalSection(SolutionProperties) = preSolution
		HideSolutionNode = FALSE
	EndGlobalSection
	GlobalSection(ExtensibilityGlobals) = postSolution
		SolutionGuid = {2057B85D-79FD-4932-8277-509DC3FCE268}
	EndGlobalSection
EndGlobal
